
Microsoft Visual Studio Solution File, Format Version 12.00
# Visual Studio 15
VisualStudioVersion = 15.0.27130.2027
MinimumVisualStudioVersion = 10.0.40219.1
Project("{FAE04EC0-301F-11D3-BF4B-00C04F79EFBC}") = "TriangleSysExp", "TriangleSysExp\TriangleSysExp.csproj", "{04FBF223-7012-4B7B-8C36-88DCC4E9D218}"
EndProject
Global
	GlobalSection(SolutionConfigurationPlatforms) = preSolution
		Debug|Any CPU = Debug|Any CPU
		Release|Any CPU = Release|Any CPU
	EndGlobalSection
	GlobalSection(ProjectConfigurationPlatforms) = postSolution
		{04FBF223-7012-4B7B-8C36-88DCC4E9D218}.Debug|Any CPU.ActiveCfg = Debug|Any CPU
		{04FBF223-7012-4B7B-8C36-88DCC4E9D218}.Debug|Any CPU.Build.0 = Debug|Any CPU
		{04FBF223-7012-4B7B-8C36-88DCC4E9D218}.Release|Any CPU.ActiveCfg = Release|Any CPU
		{04FBF223-7012-4B7B-8C36-88DCC4E9D218}.Release|Any CPU.Build.0 = Release|Any CPU
	EndGlobalSection
	GlobalSection(SolutionProperties) = preSolution
		HideSolutionNode = FALSE
	EndGlobalSection
	GlobalSection(ExtensibilityGlobals) = postSolution
		SolutionGuid = {F9A1417C-C992-4454-A59C-66FDFF6F703C}
	EndGlobalSection
EndGlobal
